<?xml version="1.0" encoding="utf-8"?>
<Project ToolsVersion="4.0" xmlns="http://schemas.microsoft.com/developer/msbuild/2003">
  <ItemGroup>
    <Filter Include="Source Files">
      <UniqueIdentifier>{4FC737F1-C7A5-4376-A066-2A32D752A2FF}</UniqueIdentifier>
      <Extensions>cpp;c;cc;cxx;def;odl;idl;hpj;bat;asm;asmx</Extensions>
    </Filter>
    <Filter Include="Header Files">
      <UniqueIdentifier>{93995380-89BD-4b04-88EB-625FBE52EBFB}</UniqueIdentifier>
      <Extensions>h;hpp;hxx;hm;inl;inc;xsd</Extensions>
    </Filter>
    <Filter Include="Resource Files">
      <UniqueIdentifier>{67DA6AB6-F800-4c08-8B7A-83BB121AAD01}</UniqueIdentifier>
      <Extensions>rc;ico;cur;bmp;dlg;rc2;rct;bin;rgs;gif;jpg;jpeg;jpe;resx;tiff;tif;png;wav;mfcribbon-ms</Extensions>
    </Filter>
  </ItemGroup>
  <ItemGroup>
    <None Include="ReadMe.txt" />
    <None Include="MFCDia.reg" />
    <None Include="res\MFCDia.rc2">
      <Filter>Resource Files</Filter>
    </None>
    <None Include="res\MFCDiaDoc.ico">
      <Filter>Resource Files</Filter>
    </None>
    <None Include="res\MFCDia.ico">
      <Filter>Resource Files</Filter>
    </None>
    <None Include="res\Toolbar.bmp">
      <Filter>Resource Files</Filter>
    </None>
  </ItemGroup>
  <ItemGroup>
    <ClInclude Include="MFCDia.h">
      <Filter>Header Files</Filter>
    </ClInclude>
    <ClInclude Include="stdafx.h">
      <Filter>Header Files</Filter>
    </ClInclude>
    <ClInclude Include="targetver.h">
      <Filter>Header Files</Filter>
    </ClInclude>
    <ClInclude Include="MainFrm.h">
      <Filter>Header Files</Filter>
    </ClInclude>
    <ClInclude Include="MFCDiaDoc.h">
      <Filter>Header Files</Filter>
    </ClInclude>
    <ClInclude Include="MFCDiaView.h">
      <Filter>Header Files</Filter>
    </ClInclude>
    <ClInclude Include="Resource.h">
      <Filter>Header Files</Filter>
    </ClInclude>
    <ClInclude Include="DiaEntity.h">
      <Filter>Header Files</Filter>
    </ClInclude>
    <ClInclude Include="DiaRectangle.h">
      <Filter>Header Files</Filter>
    </ClInclude>
    <ClInclude Include="AbstractMode.h">
      <Filter>Header Files</Filter>
    </ClInclude>
    <ClInclude Include="RectangleMode.h">
      <Filter>Header Files</Filter>
    </ClInclude>
    <ClInclude Include="HandMode.h">
      <Filter>Header Files</Filter>
    </ClInclude>
    <ClInclude Include="ArrowMode.h">
      <Filter>Header Files</Filter>
    </ClInclude>
    <ClInclude Include="DiaConnectionEntity.h">
      <Filter>Header Files</Filter>
    </ClInclude>
    <ClInclude Include="DiaArrow.h">
      <Filter>Header Files</Filter>
    </ClInclude>
    <ClInclude Include="DiaEllipse.h">
      <Filter>Header Files</Filter>
    </ClInclude>
    <ClInclude Include="EllipseMode.h">
      <Filter>Header Files</Filter>
    </ClInclude>
    <ClInclude Include="DiaTriangle.h">
      <Filter>Header Files</Filter>
    </ClInclude>
    <ClInclude Include="TriangleMode.h">
      <Filter>Header Files</Filter>
    </ClInclude>
    <ClInclude Include="Arrow.h">
      <Filter>Header Files</Filter>
    </ClInclude>
    <ClInclude Include="IDiaLoader.h">
      <Filter>Header Files</Filter>
    </ClInclude>
    <ClInclude Include="IDiaSaver.h">
      <Filter>Header Files</Filter>
    </ClInclude>
    <ClInclude Include="DiaBinarySaver.h">
      <Filter>Header Files</Filter>
    </ClInclude>
    <ClInclude Include="DiaBinaryLoader.h">
      <Filter>Header Files</Filter>
    </ClInclude>
    <ClInclude Include="BinaryTypes.h">
      <Filter>Header Files</Filter>
    </ClInclude>
  </ItemGroup>
  <ItemGroup>
    <ClCompile Include="MFCDia.cpp">
      <Filter>Source Files</Filter>
    </ClCompile>
    <ClCompile Include="stdafx.cpp">
      <Filter>Source Files</Filter>
    </ClCompile>
    <ClCompile Include="MainFrm.cpp">
      <Filter>Source Files</Filter>
    </ClCompile>
    <ClCompile Include="MFCDiaDoc.cpp">
      <Filter>Source Files</Filter>
    </ClCompile>
    <ClCompile Include="MFCDiaView.cpp">
      <Filter>Source Files</Filter>
    </ClCompile>
    <ClCompile Include="DiaEntity.cpp">
      <Filter>Source Files</Filter>
    </ClCompile>
    <ClCompile Include="DiaRectangle.cpp">
      <Filter>Source Files</Filter>
    </ClCompile>
    <ClCompile Include="AbstractMode.cpp">
      <Filter>Source Files</Filter>
    </ClCompile>
    <ClCompile Include="RectangleMode.cpp">
      <Filter>Source Files</Filter>
    </ClCompile>
    <ClCompile Include="HandMode.cpp">
      <Filter>Source Files</Filter>
    </ClCompile>
    <ClCompile Include="ArrowMode.cpp">
      <Filter>Source Files</Filter>
    </ClCompile>
    <ClCompile Include="DiaConnectionEntity.cpp">
      <Filter>Source Files</Filter>
    </ClCompile>
    <ClCompile Include="DiaArrow.cpp">
      <Filter>Source Files</Filter>
    </ClCompile>
    <ClCompile Include="DiaEllipse.cpp">
      <Filter>Source Files</Filter>
    </ClCompile>
    <ClCompile Include="EllipseMode.cpp">
      <Filter>Source Files</Filter>
    </ClCompile>
    <ClCompile Include="DiaTriangle.cpp">
      <Filter>Source Files</Filter>
    </ClCompile>
    <ClCompile Include="TriangleMode.cpp">
      <Filter>Source Files</Filter>
    </ClCompile>
    <ClCompile Include="Arrow.cpp">
      <Filter>Source Files</Filter>
    </ClCompile>
    <ClCompile Include="IDiaLoader.cpp">
      <Filter>Source Files</Filter>
    </ClCompile>
    <ClCompile Include="IDiaSaver.cpp">
      <Filter>Source Files</Filter>
    </ClCompile>
    <ClCompile Include="DiaBinarySaver.cpp">
      <Filter>Source Files</Filter>
    </ClCompile>
    <ClCompile Include="DiaBinaryLoader.cpp">
      <Filter>Source Files</Filter>
    </ClCompile>
  </ItemGroup>
  <ItemGroup>
    <ResourceCompile Include="MFCDia.rc">
      <Filter>Resource Files</Filter>
    </ResourceCompile>
  </ItemGroup>
</Project>